
Microsoft Visual Studio Solution File, Format Version 12.00
# Visual Studio 15
VisualStudioVersion = 15.0.28010.2019
MinimumVisualStudioVersion = 10.0.40219.1
Project("{FAE04EC0-301F-11D3-BF4B-00C04F79EFBC}") = "TextProcessingForBook", "TextProcessingForBook\TextProcessingForBook.csproj", "{940C0975-FA82-452E-B371-11F288D640C5}"
EndProject
Global
	GlobalSection(SolutionConfigurationPlatforms) = preSolution
		Debug|Any CPU = Debug|Any CPU
		Release|Any CPU = Release|Any CPU
	EndGlobalSection
	GlobalSection(ProjectConfigurationPlatforms) = postSolution
		{940C0975-FA82-452E-B371-11F288D640C5}.Debug|Any CPU.ActiveCfg = Debug|Any CPU
		{940C0975-FA82-452E-B371-11F288D640C5}.Debug|Any CPU.Build.0 = Debug|Any CPU
		{940C0975-FA82-452E-B371-11F288D640C5}.Release|Any CPU.ActiveCfg = Release|Any CPU
		{940C0975-FA82-452E-B371-11F288D640C5}.Release|Any CPU.Build.0 = Release|Any CPU
	EndGlobalSection
	GlobalSection(SolutionProperties) = preSolution
		HideSolutionNode = FALSE
	EndGlobalSection
	GlobalSection(ExtensibilityGlobals) = postSolution
		SolutionGuid = {A73B26B0-869B-4888-8A84-331EAC63DE26}
	EndGlobalSection
EndGlobal
